
Microsoft Visual Studio Solution File, Format Version 12.00
# Visual Studio Version 17
VisualStudioVersion = 17.4.33205.214
MinimumVisualStudioVersion = 10.0.40219.1
Project("{FAE04EC0-301F-11D3-BF4B-00C04F79EFBC}") = "RestaurantAPI", "RestaurantAPI\RestaurantAPI.csproj", "{1C591AF7-734A-4729-815D-BA63587168DD}"
EndProject
Global
	GlobalSection(SolutionConfigurationPlatforms) = preSolution
		Debug|Any CPU = Debug|Any CPU
		Release|Any CPU = Release|Any CPU
	EndGlobalSection
	GlobalSection(ProjectConfigurationPlatforms) = postSolution
		{1C591AF7-734A-4729-815D-BA63587168DD}.Debug|Any CPU.ActiveCfg = Debug|Any CPU
		{1C591AF7-734A-4729-815D-BA63587168DD}.Debug|Any CPU.Build.0 = Debug|Any CPU
		{1C591AF7-734A-4729-815D-BA63587168DD}.Release|Any CPU.ActiveCfg = Release|Any CPU
		{1C591AF7-734A-4729-815D-BA63587168DD}.Release|Any CPU.Build.0 = Release|Any CPU
	EndGlobalSection
	GlobalSection(SolutionProperties) = preSolution
		HideSolutionNode = FALSE
	EndGlobalSection
	GlobalSection(ExtensibilityGlobals) = postSolution
		SolutionGuid = {F7933C63-FD86-49AB-A212-5A8B08602B80}
	EndGlobalSection
EndGlobal
